Microsoft Visual Studio Solution File, Format Version 12.00
# Visual Studio Version 17
VisualStudioVersion = 17.5.2.0
MinimumVisualStudioVersion = 10.0.40219.1
Project("{FAE04EC0-301F-11D3-BF4B-00C04F79EFBC}") = "ComputerApp", "ComputerApp\ComputerApp.csproj", "{A3DC1871-E3D4-A780-32C5-5EE44549A7C5}"
EndProject
Global
	GlobalSection(SolutionConfigurationPlatforms) = preSolution
		Debug|Any CPU = Debug|Any CPU
		Release|Any CPU = Release|Any CPU
	EndGlobalSection
	GlobalSection(ProjectConfigurationPlatforms) = postSolution
		{A3DC1871-E3D4-A780-32C5-5EE44549A7C5}.Debug|Any CPU.ActiveCfg = Debug|Any CPU
		{A3DC1871-E3D4-A780-32C5-5EE44549A7C5}.Debug|Any CPU.Build.0 = Debug|Any CPU
		{A3DC1871-E3D4-A780-32C5-5EE44549A7C5}.Release|Any CPU.ActiveCfg = Release|Any CPU
		{A3DC1871-E3D4-A780-32C5-5EE44549A7C5}.Release|Any CPU.Build.0 = Release|Any CPU
	EndGlobalSection
	GlobalSection(SolutionProperties) = preSolution
		HideSolutionNode = FALSE
	EndGlobalSection
	GlobalSection(ExtensibilityGlobals) = postSolution
		SolutionGuid = {C7B1B2B1-E16C-45A5-862D-729EBE37B789}
	EndGlobalSection
EndGlobal
